
Microsoft Visual Studio Solution File, Format Version 12.00
# Visual Studio Version 16
VisualStudioVersion = 16.0.34601.136
MinimumVisualStudioVersion = 10.0.40219.1
Project("{FAE04EC0-301F-11D3-BF4B-00C04F79EFBC}") = "Vegeta", "Vegeta\Vegeta.csproj", "{FA1DF1D6-873E-493F-8AD1-8FEC88A5D3E8}"
EndProject
Global
	GlobalSection(SolutionConfigurationPlatforms) = preSolution
		Debug|Any CPU = Debug|Any CPU
		Release|Any CPU = Release|Any CPU
	EndGlobalSection
	GlobalSection(ProjectConfigurationPlatforms) = postSolution
		{FA1DF1D6-873E-493F-8AD1-8FEC88A5D3E8}.Debug|Any CPU.ActiveCfg = Debug|Any CPU
		{FA1DF1D6-873E-493F-8AD1-8FEC88A5D3E8}.Debug|Any CPU.Build.0 = Debug|Any CPU
		{FA1DF1D6-873E-493F-8AD1-8FEC88A5D3E8}.Release|Any CPU.ActiveCfg = Release|Any CPU
		{FA1DF1D6-873E-493F-8AD1-8FEC88A5D3E8}.Release|Any CPU.Build.0 = Release|Any CPU
	EndGlobalSection
	GlobalSection(SolutionProperties) = preSolution
		HideSolutionNode = FALSE
	EndGlobalSection
	GlobalSection(ExtensibilityGlobals) = postSolution
		SolutionGuid = {4434023C-5858-4D63-8AD5-7403A9509680}
	EndGlobalSection
EndGlobal
